
Microsoft Visual Studio Solution File, Format Version 12.00
# Visual Studio Version 16
VisualStudioVersion = 16.0.30114.105
MinimumVisualStudioVersion = 10.0.40219.1
Project("{2150E333-8FDC-42A3-9474-1A3956D46DE8}") = "Common", "Common", "{B2CEEF9F-0720-4EF1-9170-F99CB0456FA5}"
EndProject
Project("{FAE04EC0-301F-11D3-BF4B-00C04F79EFBC}") = "EpayPaymentServiceDotNet.Common.Constants", "Common\EpayPaymentServiceDotNet.Common.Constants\EpayPaymentServiceDotNet.Common.Constants.csproj", "{0FD606D2-AF81-4FF2-9F4C-CB84255929F5}"
EndProject
Project("{2150E333-8FDC-42A3-9474-1A3956D46DE8}") = "Contracts", "Contracts", "{2AD2852C-5518-4D1C-9AF1-EA744ECF70B4}"
EndProject
Project("{FAE04EC0-301F-11D3-BF4B-00C04F79EFBC}") = "EpayPaymentServiceDotNet.Contracts.Data", "Contracts\EpayPaymentServiceDotNet.Contracts.Data\EpayPaymentServiceDotNet.Contracts.Data.csproj", "{A0DC7AE8-E1C1-44B6-B8E4-CD36BC3823EC}"
EndProject
Project("{FAE04EC0-301F-11D3-BF4B-00C04F79EFBC}") = "EpayPaymentServiceDotNet.Contracts.Services", "Contracts\EpayPaymentServiceDotNet.Contracts.Services\EpayPaymentServiceDotNet.Contracts.Services.csproj", "{F416915D-E384-4F48-BD4A-A66B32529584}"
EndProject
Project("{FAE04EC0-301F-11D3-BF4B-00C04F79EFBC}") = "EpayPaymentServiceDotNet.Contracts.Services.Web", "Contracts\EpayPaymentServiceDotNet.Contracts.Services.Web\EpayPaymentServiceDotNet.Contracts.Services.Web.csproj", "{9AA2DA6C-DB56-4975-930A-C1493950F8DF}"
EndProject
Project("{2150E333-8FDC-42A3-9474-1A3956D46DE8}") = "Data", "Data", "{1C1ACFF3-B612-4A50-9ED0-A68AC439757C}"
EndProject
Project("{FAE04EC0-301F-11D3-BF4B-00C04F79EFBC}") = "EpayPaymentServiceDotNet.Data", "Data\EpayPaymentServiceDotNet.Data\EpayPaymentServiceDotNet.Data.csproj", "{4925BB2B-C66C-45E9-A524-451BFAFFF2FB}"
EndProject
Project("{FAE04EC0-301F-11D3-BF4B-00C04F79EFBC}") = "EpayPaymentServiceDotNet.Data.Models", "Data\EpayPaymentServiceDotNet.Data.Models\EpayPaymentServiceDotNet.Data.Models.csproj", "{7406F261-119A-4055-AC83-F25B4E8DFE3C}"
EndProject
Project("{2150E333-8FDC-42A3-9474-1A3956D46DE8}") = "Services", "Services", "{7DD5ADC4-35FE-4A00-A413-6E57D9AC61F3}"
EndProject
Project("{FAE04EC0-301F-11D3-BF4B-00C04F79EFBC}") = "EpayPaymentServiceDotNet.Services", "Services\EpayPaymentServiceDotNet.Services\EpayPaymentServiceDotNet.Services.csproj", "{8E81107C-17CD-477B-BC2E-6711912FC896}"
EndProject
Project("{FAE04EC0-301F-11D3-BF4B-00C04F79EFBC}") = "EpayPaymentServiceDotNet.Services.Models", "Services\EpayPaymentServiceDotNet.Services.Models\EpayPaymentServiceDotNet.Services.Models.csproj", "{553540C4-31D2-4790-8F46-F5C66D72B18A}"
EndProject
Project("{FAE04EC0-301F-11D3-BF4B-00C04F79EFBC}") = "EpayPaymentServiceDotNet.Services.Web", "Services\EpayPaymentServiceDotNet.Services.Web\EpayPaymentServiceDotNet.Services.Web.csproj", "{24E59D7A-3C04-4E7C-B983-77112D157922}"
EndProject
Project("{FAE04EC0-301F-11D3-BF4B-00C04F79EFBC}") = "EpayPaymentServiceDotNet.Services.Web.Models", "Services\EpayPaymentServiceDotNet.Services.Web.Models\EpayPaymentServiceDotNet.Services.Web.Models.csproj", "{B294B478-4796-4922-894F-9551DFFFEB70}"
EndProject
Project("{2150E333-8FDC-42A3-9474-1A3956D46DE8}") = "Web", "Web", "{53A0F866-7CD2-4E3A-A601-8BBF3ECCC3B3}"
EndProject
Project("{FAE04EC0-301F-11D3-BF4B-00C04F79EFBC}") = "EpayPaymentServiceDotNet.Web.PaymentsServiceApi", "Web\EpayPaymentServiceDotNet.Web.PaymentsServiceApi\EpayPaymentServiceDotNet.Web.PaymentsServiceApi.csproj", "{39C868BF-01EB-42A6-BB8C-D8C41F73CAF9}"
EndProject
Project("{FAE04EC0-301F-11D3-BF4B-00C04F79EFBC}") = "EpayPaymentServiceDotNet.Common.Enumerations", "Common\EpayPaymentServiceDotNet.Common.Enumerations\EpayPaymentServiceDotNet.Common.Enumerations.csproj", "{A2290477-84CD-4C6A-BA09-C54D8F547C4B}"
EndProject
Global
	GlobalSection(SolutionConfigurationPlatforms) = preSolution
		Debug|Any CPU = Debug|Any CPU
		Debug|x64 = Debug|x64
		Debug|x86 = Debug|x86
		Release|Any CPU = Release|Any CPU
		Release|x64 = Release|x64
		Release|x86 = Release|x86
	EndGlobalSection
	GlobalSection(SolutionProperties) = preSolution
		HideSolutionNode = FALSE
	EndGlobalSection
	GlobalSection(ProjectConfigurationPlatforms) = postSolution
		{0FD606D2-AF81-4FF2-9F4C-CB84255929F5}.Debug|Any CPU.ActiveCfg = Debug|Any CPU
		{0FD606D2-AF81-4FF2-9F4C-CB84255929F5}.Debug|Any CPU.Build.0 = Debug|Any CPU
		{0FD606D2-AF81-4FF2-9F4C-CB84255929F5}.Debug|x64.ActiveCfg = Debug|Any CPU
		{0FD606D2-AF81-4FF2-9F4C-CB84255929F5}.Debug|x64.Build.0 = Debug|Any CPU
		{0FD606D2-AF81-4FF2-9F4C-CB84255929F5}.Debug|x86.ActiveCfg = Debug|Any CPU
		{0FD606D2-AF81-4FF2-9F4C-CB84255929F5}.Debug|x86.Build.0 = Debug|Any CPU
		{0FD606D2-AF81-4FF2-9F4C-CB84255929F5}.Release|Any CPU.ActiveCfg = Release|Any CPU
		{0FD606D2-AF81-4FF2-9F4C-CB84255929F5}.Release|Any CPU.Build.0 = Release|Any CPU
		{0FD606D2-AF81-4FF2-9F4C-CB84255929F5}.Release|x64.ActiveCfg = Release|Any CPU
		{0FD606D2-AF81-4FF2-9F4C-CB84255929F5}.Release|x64.Build.0 = Release|Any CPU
		{0FD606D2-AF81-4FF2-9F4C-CB84255929F5}.Release|x86.ActiveCfg = Release|Any CPU
		{0FD606D2-AF81-4FF2-9F4C-CB84255929F5}.Release|x86.Build.0 = Release|Any CPU
		{A0DC7AE8-E1C1-44B6-B8E4-CD36BC3823EC}.Debug|Any CPU.ActiveCfg = Debug|Any CPU
		{A0DC7AE8-E1C1-44B6-B8E4-CD36BC3823EC}.Debug|Any CPU.Build.0 = Debug|Any CPU
		{A0DC7AE8-E1C1-44B6-B8E4-CD36BC3823EC}.Debug|x64.ActiveCfg = Debug|Any CPU
		{A0DC7AE8-E1C1-44B6-B8E4-CD36BC3823EC}.Debug|x64.Build.0 = Debug|Any CPU
		{A0DC7AE8-E1C1-44B6-B8E4-CD36BC3823EC}.Debug|x86.ActiveCfg = Debug|Any CPU
		{A0DC7AE8-E1C1-44B6-B8E4-CD36BC3823EC}.Debug|x86.Build.0 = Debug|Any CPU
		{A0DC7AE8-E1C1-44B6-B8E4-CD36BC3823EC}.Release|Any CPU.ActiveCfg = Release|Any CPU
		{A0DC7AE8-E1C1-44B6-B8E4-CD36BC3823EC}.Release|Any CPU.Build.0 = Release|Any CPU
		{A0DC7AE8-E1C1-44B6-B8E4-CD36BC3823EC}.Release|x64.ActiveCfg = Release|Any CPU
		{A0DC7AE8-E1C1-44B6-B8E4-CD36BC3823EC}.Release|x64.Build.0 = Release|Any CPU
		{A0DC7AE8-E1C1-44B6-B8E4-CD36BC3823EC}.Release|x86.ActiveCfg = Release|Any CPU
		{A0DC7AE8-E1C1-44B6-B8E4-CD36BC3823EC}.Release|x86.Build.0 = Release|Any CPU
		{F416915D-E384-4F48-BD4A-A66B32529584}.Debug|Any CPU.ActiveCfg = Debug|Any CPU
		{F416915D-E384-4F48-BD4A-A66B32529584}.Debug|Any CPU.Build.0 = Debug|Any CPU
		{F416915D-E384-4F48-BD4A-A66B32529584}.Debug|x64.ActiveCfg = Debug|Any CPU
		{F416915D-E384-4F48-BD4A-A66B32529584}.Debug|x64.Build.0 = Debug|Any CPU
		{F416915D-E384-4F48-BD4A-A66B32529584}.Debug|x86.ActiveCfg = Debug|Any CPU
		{F416915D-E384-4F48-BD4A-A66B32529584}.Debug|x86.Build.0 = Debug|Any CPU
		{F416915D-E384-4F48-BD4A-A66B32529584}.Release|Any CPU.ActiveCfg = Release|Any CPU
		{F416915D-E384-4F48-BD4A-A66B32529584}.Release|Any CPU.Build.0 = Release|Any CPU
		{F416915D-E384-4F48-BD4A-A66B32529584}.Release|x64.ActiveCfg = Release|Any CPU
		{F416915D-E384-4F48-BD4A-A66B32529584}.Release|x64.Build.0 = Release|Any CPU
		{F416915D-E384-4F48-BD4A-A66B32529584}.Release|x86.ActiveCfg = Release|Any CPU
		{F416915D-E384-4F48-BD4A-A66B32529584}.Release|x86.Build.0 = Release|Any CPU
		{9AA2DA6C-DB56-4975-930A-C1493950F8DF}.Debug|Any CPU.ActiveCfg = Debug|Any CPU
		{9AA2DA6C-DB56-4975-930A-C1493950F8DF}.Debug|Any CPU.Build.0 = Debug|Any CPU
		{9AA2DA6C-DB56-4975-930A-C1493950F8DF}.Debug|x64.ActiveCfg = Debug|Any CPU
		{9AA2DA6C-DB56-4975-930A-C1493950F8DF}.Debug|x64.Build.0 = Debug|Any CPU
		{9AA2DA6C-DB56-4975-930A-C1493950F8DF}.Debug|x86.ActiveCfg = Debug|Any CPU
		{9AA2DA6C-DB56-4975-930A-C1493950F8DF}.Debug|x86.Build.0 = Debug|Any CPU
		{9AA2DA6C-DB56-4975-930A-C1493950F8DF}.Release|Any CPU.ActiveCfg = Release|Any CPU
		{9AA2DA6C-DB56-4975-930A-C1493950F8DF}.Release|Any CPU.Build.0 = Release|Any CPU
		{9AA2DA6C-DB56-4975-930A-C1493950F8DF}.Release|x64.ActiveCfg = Release|Any CPU
		{9AA2DA6C-DB56-4975-930A-C1493950F8DF}.Release|x64.Build.0 = Release|Any CPU
		{9AA2DA6C-DB56-4975-930A-C1493950F8DF}.Release|x86.ActiveCfg = Release|Any CPU
		{9AA2DA6C-DB56-4975-930A-C1493950F8DF}.Release|x86.Build.0 = Release|Any CPU
		{4925BB2B-C66C-45E9-A524-451BFAFFF2FB}.Debug|Any CPU.ActiveCfg = Debug|Any CPU
		{4925BB2B-C66C-45E9-A524-451BFAFFF2FB}.Debug|Any CPU.Build.0 = Debug|Any CPU
		{4925BB2B-C66C-45E9-A524-451BFAFFF2FB}.Debug|x64.ActiveCfg = Debug|Any CPU
		{4925BB2B-C66C-45E9-A524-451BFAFFF2FB}.Debug|x64.Build.0 = Debug|Any CPU
		{4925BB2B-C66C-45E9-A524-451BFAFFF2FB}.Debug|x86.ActiveCfg = Debug|Any CPU
		{4925BB2B-C66C-45E9-A524-451BFAFFF2FB}.Debug|x86.Build.0 = Debug|Any CPU
		{4925BB2B-C66C-45E9-A524-451BFAFFF2FB}.Release|Any CPU.ActiveCfg = Release|Any CPU
		{4925BB2B-C66C-45E9-A524-451BFAFFF2FB}.Release|Any CPU.Build.0 = Release|Any CPU
		{4925BB2B-C66C-45E9-A524-451BFAFFF2FB}.Release|x64.ActiveCfg = Release|Any CPU
		{4925BB2B-C66C-45E9-A524-451BFAFFF2FB}.Release|x64.Build.0 = Release|Any CPU
		{4925BB2B-C66C-45E9-A524-451BFAFFF2FB}.Release|x86.ActiveCfg = Release|Any CPU
		{4925BB2B-C66C-45E9-A524-451BFAFFF2FB}.Release|x86.Build.0 = Release|Any CPU
		{7406F261-119A-4055-AC83-F25B4E8DFE3C}.Debug|Any CPU.ActiveCfg = Debug|Any CPU
		{7406F261-119A-4055-AC83-F25B4E8DFE3C}.Debug|Any CPU.Build.0 = Debug|Any CPU
		{7406F261-119A-4055-AC83-F25B4E8DFE3C}.Debug|x64.ActiveCfg = Debug|Any CPU
		{7406F261-119A-4055-AC83-F25B4E8DFE3C}.Debug|x64.Build.0 = Debug|Any CPU
		{7406F261-119A-4055-AC83-F25B4E8DFE3C}.Debug|x86.ActiveCfg = Debug|Any CPU
		{7406F261-119A-4055-AC83-F25B4E8DFE3C}.Debug|x86.Build.0 = Debug|Any CPU
		{7406F261-119A-4055-AC83-F25B4E8DFE3C}.Release|Any CPU.ActiveCfg = Release|Any CPU
		{7406F261-119A-4055-AC83-F25B4E8DFE3C}.Release|Any CPU.Build.0 = Release|Any CPU
		{7406F261-119A-4055-AC83-F25B4E8DFE3C}.Release|x64.ActiveCfg = Release|Any CPU
		{7406F261-119A-4055-AC83-F25B4E8DFE3C}.Release|x64.Build.0 = Release|Any CPU
		{7406F261-119A-4055-AC83-F25B4E8DFE3C}.Release|x86.ActiveCfg = Release|Any CPU
		{7406F261-119A-4055-AC83-F25B4E8DFE3C}.Release|x86.Build.0 = Release|Any CPU
		{8E81107C-17CD-477B-BC2E-6711912FC896}.Debug|Any CPU.ActiveCfg = Debug|Any CPU
		{8E81107C-17CD-477B-BC2E-6711912FC896}.Debug|Any CPU.Build.0 = Debug|Any CPU
		{8E81107C-17CD-477B-BC2E-6711912FC896}.Debug|x64.ActiveCfg = Debug|Any CPU
		{8E81107C-17CD-477B-BC2E-6711912FC896}.Debug|x64.Build.0 = Debug|Any CPU
		{8E81107C-17CD-477B-BC2E-6711912FC896}.Debug|x86.ActiveCfg = Debug|Any CPU
		{8E81107C-17CD-477B-BC2E-6711912FC896}.Debug|x86.Build.0 = Debug|Any CPU
		{8E81107C-17CD-477B-BC2E-6711912FC896}.Release|Any CPU.ActiveCfg = Release|Any CPU
		{8E81107C-17CD-477B-BC2E-6711912FC896}.Release|Any CPU.Build.0 = Release|Any CPU
		{8E81107C-17CD-477B-BC2E-6711912FC896}.Release|x64.ActiveCfg = Release|Any CPU
		{8E81107C-17CD-477B-BC2E-6711912FC896}.Release|x64.Build.0 = Release|Any CPU
		{8E81107C-17CD-477B-BC2E-6711912FC896}.Release|x86.ActiveCfg = Release|Any CPU
		{8E81107C-17CD-477B-BC2E-6711912FC896}.Release|x86.Build.0 = Release|Any CPU
		{553540C4-31D2-4790-8F46-F5C66D72B18A}.Debug|Any CPU.ActiveCfg = Debug|Any CPU
		{553540C4-31D2-4790-8F46-F5C66D72B18A}.Debug|Any CPU.Build.0 = Debug|Any CPU
		{553540C4-31D2-4790-8F46-F5C66D72B18A}.Debug|x64.ActiveCfg = Debug|Any CPU
		{553540C4-31D2-4790-8F46-F5C66D72B18A}.Debug|x64.Build.0 = Debug|Any CPU
		{553540C4-31D2-4790-8F46-F5C66D72B18A}.Debug|x86.ActiveCfg = Debug|Any CPU
		{553540C4-31D2-4790-8F46-F5C66D72B18A}.Debug|x86.Build.0 = Debug|Any CPU
		{553540C4-31D2-4790-8F46-F5C66D72B18A}.Release|Any CPU.ActiveCfg = Release|Any CPU
		{553540C4-31D2-4790-8F46-F5C66D72B18A}.Release|Any CPU.Build.0 = Release|Any CPU
		{553540C4-31D2-4790-8F46-F5C66D72B18A}.Release|x64.ActiveCfg = Release|Any CPU
		{553540C4-31D2-4790-8F46-F5C66D72B18A}.Release|x64.Build.0 = Release|Any CPU
		{553540C4-31D2-4790-8F46-F5C66D72B18A}.Release|x86.ActiveCfg = Release|Any CPU
		{553540C4-31D2-4790-8F46-F5C66D72B18A}.Release|x86.Build.0 = Release|Any CPU
		{24E59D7A-3C04-4E7C-B983-77112D157922}.Debug|Any CPU.ActiveCfg = Debug|Any CPU
		{24E59D7A-3C04-4E7C-B983-77112D157922}.Debug|Any CPU.Build.0 = Debug|Any CPU
		{24E59D7A-3C04-4E7C-B983-77112D157922}.Debug|x64.ActiveCfg = Debug|Any CPU
		{24E59D7A-3C04-4E7C-B983-77112D157922}.Debug|x64.Build.0 = Debug|Any CPU
		{24E59D7A-3C04-4E7C-B983-77112D157922}.Debug|x86.ActiveCfg = Debug|Any CPU
		{24E59D7A-3C04-4E7C-B983-77112D157922}.Debug|x86.Build.0 = Debug|Any CPU
		{24E59D7A-3C04-4E7C-B983-77112D157922}.Release|Any CPU.ActiveCfg = Release|Any CPU
		{24E59D7A-3C04-4E7C-B983-77112D157922}.Release|Any CPU.Build.0 = Release|Any CPU
		{24E59D7A-3C04-4E7C-B983-77112D157922}.Release|x64.ActiveCfg = Release|Any CPU
		{24E59D7A-3C04-4E7C-B983-77112D157922}.Release|x64.Build.0 = Release|Any CPU
		{24E59D7A-3C04-4E7C-B983-77112D157922}.Release|x86.ActiveCfg = Release|Any CPU
		{24E59D7A-3C04-4E7C-B983-77112D157922}.Release|x86.Build.0 = Release|Any CPU
		{B294B478-4796-4922-894F-9551DFFFEB70}.Debug|Any CPU.ActiveCfg = Debug|Any CPU
		{B294B478-4796-4922-894F-9551DFFFEB70}.Debug|Any CPU.Build.0 = Debug|Any CPU
		{B294B478-4796-4922-894F-9551DFFFEB70}.Debug|x64.ActiveCfg = Debug|Any CPU
		{B294B478-4796-4922-894F-9551DFFFEB70}.Debug|x64.Build.0 = Debug|Any CPU
		{B294B478-4796-4922-894F-9551DFFFEB70}.Debug|x86.ActiveCfg = Debug|Any CPU
		{B294B478-4796-4922-894F-9551DFFFEB70}.Debug|x86.Build.0 = Debug|Any CPU
		{B294B478-4796-4922-894F-9551DFFFEB70}.Release|Any CPU.ActiveCfg = Release|Any CPU
		{B294B478-4796-4922-894F-9551DFFFEB70}.Release|Any CPU.Build.0 = Release|Any CPU
		{B294B478-4796-4922-894F-9551DFFFEB70}.Release|x64.ActiveCfg = Release|Any CPU
		{B294B478-4796-4922-894F-9551DFFFEB70}.Release|x64.Build.0 = Release|Any CPU
		{B294B478-4796-4922-894F-9551DFFFEB70}.Release|x86.ActiveCfg = Release|Any CPU
		{B294B478-4796-4922-894F-9551DFFFEB70}.Release|x86.Build.0 = Release|Any CPU
		{39C868BF-01EB-42A6-BB8C-D8C41F73CAF9}.Debug|Any CPU.ActiveCfg = Debug|Any CPU
		{39C868BF-01EB-42A6-BB8C-D8C41F73CAF9}.Debug|Any CPU.Build.0 = Debug|Any CPU
		{39C868BF-01EB-42A6-BB8C-D8C41F73CAF9}.Debug|x64.ActiveCfg = Debug|Any CPU
		{39C868BF-01EB-42A6-BB8C-D8C41F73CAF9}.Debug|x64.Build.0 = Debug|Any CPU
		{39C868BF-01EB-42A6-BB8C-D8C41F73CAF9}.Debug|x86.ActiveCfg = Debug|Any CPU
		{39C868BF-01EB-42A6-BB8C-D8C41F73CAF9}.Debug|x86.Build.0 = Debug|Any CPU
		{39C868BF-01EB-42A6-BB8C-D8C41F73CAF9}.Release|Any CPU.ActiveCfg = Release|Any CPU
		{39C868BF-01EB-42A6-BB8C-D8C41F73CAF9}.Release|Any CPU.Build.0 = Release|Any CPU
		{39C868BF-01EB-42A6-BB8C-D8C41F73CAF9}.Release|x64.ActiveCfg = Release|Any CPU
		{39C868BF-01EB-42A6-BB8C-D8C41F73CAF9}.Release|x64.Build.0 = Release|Any CPU
		{39C868BF-01EB-42A6-BB8C-D8C41F73CAF9}.Release|x86.ActiveCfg = Release|Any CPU
		{39C868BF-01EB-42A6-BB8C-D8C41F73CAF9}.Release|x86.Build.0 = Release|Any CPU
		{A2290477-84CD-4C6A-BA09-C54D8F547C4B}.Debug|Any CPU.ActiveCfg = Debug|Any CPU
		{A2290477-84CD-4C6A-BA09-C54D8F547C4B}.Debug|Any CPU.Build.0 = Debug|Any CPU
		{A2290477-84CD-4C6A-BA09-C54D8F547C4B}.Debug|x64.ActiveCfg = Debug|Any CPU
		{A2290477-84CD-4C6A-BA09-C54D8F547C4B}.Debug|x64.Build.0 = Debug|Any CPU
		{A2290477-84CD-4C6A-BA09-C54D8F547C4B}.Debug|x86.ActiveCfg = Debug|Any CPU
		{A2290477-84CD-4C6A-BA09-C54D8F547C4B}.Debug|x86.Build.0 = Debug|Any CPU
		{A2290477-84CD-4C6A-BA09-C54D8F547C4B}.Release|Any CPU.ActiveCfg = Release|Any CPU
		{A2290477-84CD-4C6A-BA09-C54D8F547C4B}.Release|Any CPU.Build.0 = Release|Any CPU
		{A2290477-84CD-4C6A-BA09-C54D8F547C4B}.Release|x64.ActiveCfg = Release|Any CPU
		{A2290477-84CD-4C6A-BA09-C54D8F547C4B}.Release|x64.Build.0 = Release|Any CPU
		{A2290477-84CD-4C6A-BA09-C54D8F547C4B}.Release|x86.ActiveCfg = Release|Any CPU
		{A2290477-84CD-4C6A-BA09-C54D8F547C4B}.Release|x86.Build.0 = Release|Any CPU
	EndGlobalSection
	GlobalSection(NestedProjects) = preSolution
		{0FD606D2-AF81-4FF2-9F4C-CB84255929F5} = {B2CEEF9F-0720-4EF1-9170-F99CB0456FA5}
		{A0DC7AE8-E1C1-44B6-B8E4-CD36BC3823EC} = {2AD2852C-5518-4D1C-9AF1-EA744ECF70B4}
		{F416915D-E384-4F48-BD4A-A66B32529584} = {2AD2852C-5518-4D1C-9AF1-EA744ECF70B4}
		{9AA2DA6C-DB56-4975-930A-C1493950F8DF} = {2AD2852C-5518-4D1C-9AF1-EA744ECF70B4}
		{4925BB2B-C66C-45E9-A524-451BFAFFF2FB} = {1C1ACFF3-B612-4A50-9ED0-A68AC439757C}
		{7406F261-119A-4055-AC83-F25B4E8DFE3C} = {1C1ACFF3-B612-4A50-9ED0-A68AC439757C}
		{8E81107C-17CD-477B-BC2E-6711912FC896} = {7DD5ADC4-35FE-4A00-A413-6E57D9AC61F3}
		{553540C4-31D2-4790-8F46-F5C66D72B18A} = {7DD5ADC4-35FE-4A00-A413-6E57D9AC61F3}
		{24E59D7A-3C04-4E7C-B983-77112D157922} = {7DD5ADC4-35FE-4A00-A413-6E57D9AC61F3}
		{B294B478-4796-4922-894F-9551DFFFEB70} = {7DD5ADC4-35FE-4A00-A413-6E57D9AC61F3}
		{39C868BF-01EB-42A6-BB8C-D8C41F73CAF9} = {53A0F866-7CD2-4E3A-A601-8BBF3ECCC3B3}
		{A2290477-84CD-4C6A-BA09-C54D8F547C4B} = {B2CEEF9F-0720-4EF1-9170-F99CB0456FA5}
	EndGlobalSection
EndGlobal
